
Microsoft Visual Studio Solution File, Format Version 12.00
# Visual Studio Version 16
VisualStudioVersion = 16.0.29411.108
MinimumVisualStudioVersion = 10.0.40219.1
Project("{FAE04EC0-301F-11D3-BF4B-00C04F79EFBC}") = "xiketang.com.MotionProject", "xiketang.com.MotionProject\xiketang.com.MotionProject.csproj", "{C108EFCA-4248-4C90-A29A-375DB6DA4ACB}"
EndProject
Project("{FAE04EC0-301F-11D3-BF4B-00C04F79EFBC}") = "xiketang.com.DAL", "xiketang.com.DAL\xiketang.com.DAL.csproj", "{848A69A3-5303-459D-AAD3-B011D76BDE64}"
EndProject
Project("{FAE04EC0-301F-11D3-BF4B-00C04F79EFBC}") = "xiketang.com.Models", "xiketang.com.Models\xiketang.com.Models.csproj", "{A2F6BD64-EB29-4A66-ACD7-654D7E2665BB}"
EndProject
Global
	GlobalSection(SolutionConfigurationPlatforms) = preSolution
		Debug|Any CPU = Debug|Any CPU
		Release|Any CPU = Release|Any CPU
	EndGlobalSection
	GlobalSection(ProjectConfigurationPlatforms) = postSolution
		{C108EFCA-4248-4C90-A29A-375DB6DA4ACB}.Debug|Any CPU.ActiveCfg = Debug|Any CPU
		{C108EFCA-4248-4C90-A29A-375DB6DA4ACB}.Debug|Any CPU.Build.0 = Debug|Any CPU
		{C108EFCA-4248-4C90-A29A-375DB6DA4ACB}.Release|Any CPU.ActiveCfg = Release|Any CPU
		{C108EFCA-4248-4C90-A29A-375DB6DA4ACB}.Release|Any CPU.Build.0 = Release|Any CPU
		{848A69A3-5303-459D-AAD3-B011D76BDE64}.Debug|Any CPU.ActiveCfg = Debug|Any CPU
		{848A69A3-5303-459D-AAD3-B011D76BDE64}.Debug|Any CPU.Build.0 = Debug|Any CPU
		{848A69A3-5303-459D-AAD3-B011D76BDE64}.Release|Any CPU.ActiveCfg = Release|Any CPU
		{848A69A3-5303-459D-AAD3-B011D76BDE64}.Release|Any CPU.Build.0 = Release|Any CPU
		{A2F6BD64-EB29-4A66-ACD7-654D7E2665BB}.Debug|Any CPU.ActiveCfg = Debug|Any CPU
		{A2F6BD64-EB29-4A66-ACD7-654D7E2665BB}.Debug|Any CPU.Build.0 = Debug|Any CPU
		{A2F6BD64-EB29-4A66-ACD7-654D7E2665BB}.Release|Any CPU.ActiveCfg = Release|Any CPU
		{A2F6BD64-EB29-4A66-ACD7-654D7E2665BB}.Release|Any CPU.Build.0 = Release|Any CPU
	EndGlobalSection
	GlobalSection(SolutionProperties) = preSolution
		HideSolutionNode = FALSE
	EndGlobalSection
	GlobalSection(ExtensibilityGlobals) = postSolution
		SolutionGuid = {84DCB249-A85E-43E5-8DCE-1AD527790A60}
	EndGlobalSection
EndGlobal
